
Microsoft Visual Studio Solution File, Format Version 12.00
# Visual Studio Version 16
VisualStudioVersion = 16.0.29728.190
MinimumVisualStudioVersion = 10.0.40219.1
Project("{FAE04EC0-301F-11D3-BF4B-00C04F79EFBC}") = "MSC Save Backup Manager", "MSC Save Backup Manager\MSC Save Backup Manager.csproj", "{F0646013-71BB-4DF3-BA41-A57399F7B995}"
EndProject
Global
	GlobalSection(SolutionConfigurationPlatforms) = preSolution
		Debug|Any CPU = Debug|Any CPU
		Release|Any CPU = Release|Any CPU
	EndGlobalSection
	GlobalSection(ProjectConfigurationPlatforms) = postSolution
		{F0646013-71BB-4DF3-BA41-A57399F7B995}.Debug|Any CPU.ActiveCfg = Debug|Any CPU
		{F0646013-71BB-4DF3-BA41-A57399F7B995}.Debug|Any CPU.Build.0 = Debug|Any CPU
		{F0646013-71BB-4DF3-BA41-A57399F7B995}.Release|Any CPU.ActiveCfg = Release|Any CPU
		{F0646013-71BB-4DF3-BA41-A57399F7B995}.Release|Any CPU.Build.0 = Release|Any CPU
	EndGlobalSection
	GlobalSection(SolutionProperties) = preSolution
		HideSolutionNode = FALSE
	EndGlobalSection
	GlobalSection(ExtensibilityGlobals) = postSolution
		SolutionGuid = {DD3055BD-477C-42DF-89F7-473E3E6DFC90}
	EndGlobalSection
EndGlobal
